// !$*UTF8*$!
{
	archiveVersion = 1;
	classes = {
	};
	objectVersion = 77;
	objects = {

/* Begin PBXBuildFile section */
		312A57E1E3F4FD536E8BF5FB /* Pods_test5_test5UITests.framework in Frameworks */ = {isa = PBXBuildFile; fileRef = FC51E74B6F02EEC9A5EFC328 /* Pods_test5_test5UITests.framework */; };
		36048F1259F2B28F51F0BF1B /* Pods_test5.framework in Frameworks */ = {isa = PBXBuildFile; fileRef = 35439C4AE57F479B96C5D6FA /* Pods_test5.framework */; };
		6001795105A82A3F04817FDD /* Pods_test5Tests.framework in Frameworks */ = {isa = PBXBuildFile; fileRef = 2EDCA7778092CF4A6DFEB458 /* Pods_test5Tests.framework */; };
/* End PBXBuildFile section */

/* Begin PBXContainerItemProxy section */
		B2BDF0D32DAC22A60001C863 /* PBXContainerItemProxy */ = {
			isa = PBXContainerItemProxy;
			containerPortal = B2BDF0BA2DAC22A50001C863 /* Project object */;
			proxyType = 1;
			remoteGlobalIDString = B2BDF0C12DAC22A50001C863;
			remoteInfo = test5;
		};
		B2BDF0DD2DAC22A60001C863 /* PBXContainerItemProxy */ = {
			isa = PBXContainerItemProxy;
			containerPortal = B2BDF0BA2DAC22A50001C863 /* Project object */;
			proxyType = 1;
			remoteGlobalIDString = B2BDF0C12DAC22A50001C863;
			remoteInfo = test5;
		};
/* End PBXContainerItemProxy section */

/* Begin PBXFileReference section */
		169186A50386C046AED28A06 /* Pods-test5-test5UITests.debug.xcconfig */ = {isa = PBXFileReference; includeInIndex = 1; lastKnownFileType = text.xcconfig; name = "Pods-test5-test5UITests.debug.xcconfig"; path = "Target Support Files/Pods-test5-test5UITests/Pods-test5-test5UITests.debug.xcconfig"; sourceTree = "<group>"; };
		1E97553F085D92C73BCC50CC /* Pods-test5Tests.release.xcconfig */ = {isa = PBXFileReference; includeInIndex = 1; lastKnownFileType = text.xcconfig; name = "Pods-test5Tests.release.xcconfig"; path = "Target Support Files/Pods-test5Tests/Pods-test5Tests.release.xcconfig"; sourceTree = "<group>"; };
		2EDCA7778092CF4A6DFEB458 /* Pods_test5Tests.framework */ = {isa = PBXFileReference; explicitFileType = wrapper.framework; includeInIndex = 0; path = Pods_test5Tests.framework; sourceTree = BUILT_PRODUCTS_DIR; };
		35439C4AE57F479B96C5D6FA /* Pods_test5.framework */ = {isa = PBXFileReference; explicitFileType = wrapper.framework; includeInIndex = 0; path = Pods_test5.framework; sourceTree = BUILT_PRODUCTS_DIR; };
		7922E15AE0267F07B78ADB4B /* Pods-test5.release.xcconfig */ = {isa = PBXFileReference; includeInIndex = 1; lastKnownFileType = text.xcconfig; name = "Pods-test5.release.xcconfig"; path = "Target Support Files/Pods-test5/Pods-test5.release.xcconfig"; sourceTree = "<group>"; };
		B2BDF0C22DAC22A50001C863 /* test5.app */ = {isa = PBXFileReference; explicitFileType = wrapper.application; includeInIndex = 0; path = test5.app; sourceTree = BUILT_PRODUCTS_DIR; };
		B2BDF0D22DAC22A60001C863 /* test5Tests.xctest */ = {isa = PBXFileReference; explicitFileType = wrapper.cfbundle; includeInIndex = 0; path = test5Tests.xctest; sourceTree = BUILT_PRODUCTS_DIR; };
		B2BDF0DC2DAC22A60001C863 /* test5UITests.xctest */ = {isa = PBXFileReference; explicitFileType = wrapper.cfbundle; includeInIndex = 0; path = test5UITests.xctest; sourceTree = BUILT_PRODUCTS_DIR; };
		D482210C4A4AADE04C7770A9 /* Pods-test5Tests.debug.xcconfig */ = {isa = PBXFileReference; includeInIndex = 1; lastKnownFileType = text.xcconfig; name = "Pods-test5Tests.debug.xcconfig"; path = "Target Support Files/Pods-test5Tests/Pods-test5Tests.debug.xcconfig"; sourceTree = "<group>"; };
		D55CABC64F398A863A6DC968 /* Pods-test5.debug.xcconfig */ = {isa = PBXFileReference; includeInIndex = 1; lastKnownFileType = text.xcconfig; name = "Pods-test5.debug.xcconfig"; path = "Target Support Files/Pods-test5/Pods-test5.debug.xcconfig"; sourceTree = "<group>"; };
		DFB0258AD02068AFC36F0FFE /* Pods-test5-test5UITests.release.xcconfig */ = {isa = PBXFileReference; includeInIndex = 1; lastKnownFileType = text.xcconfig; name = "Pods-test5-test5UITests.release.xcconfig"; path = "Target Support Files/Pods-test5-test5UITests/Pods-test5-test5UITests.release.xcconfig"; sourceTree = "<group>"; };
		FC51E74B6F02EEC9A5EFC328 /* Pods_test5_test5UITests.framework */ = {isa = PBXFileReference; explicitFileType = wrapper.framework; includeInIndex = 0; path = Pods_test5_test5UITests.framework; sourceTree = BUILT_PRODUCTS_DIR; };
/* End PBXFileReference section */

/* Begin PBXFileSystemSynchronizedRootGroup section */
		B2BDF0C42DAC22A50001C863 /* test5 */ = {
			isa = PBXFileSystemSynchronizedRootGroup;
			exceptions = (
			);
			path = test5;
			sourceTree = "<group>";
		};
		B2BDF0D52DAC22A60001C863 /* test5Tests */ = {
			isa = PBXFileSystemSynchronizedRootGroup;
			exceptions = (
			);
			path = test5Tests;
			sourceTree = "<group>";
		};
		B2BDF0DF2DAC22A60001C863 /* test5UITests */ = {
			isa = PBXFileSystemSynchronizedRootGroup;
			exceptions = (
			);
			path = test5UITests;
			sourceTree = "<group>";
		};
/* End PBXFileSystemSynchronizedRootGroup section */

/* Begin PBXFrameworksBuildPhase section */
		B2BDF0BF2DAC22A50001C863 /* Frameworks */ = {
			isa = PBXFrameworksBuildPhase;
			buildActionMask = 2147483647;
			files = (
				36048F1259F2B28F51F0BF1B /* Pods_test5.framework in Frameworks */,
			);
			runOnlyForDeploymentPostprocessing = 0;
		};
		B2BDF0CF2DAC22A60001C863 /* Frameworks */ = {
			isa = PBXFrameworksBuildPhase;
			buildActionMask = 2147483647;
			files = (
				6001795105A82A3F04817FDD /* Pods_test5Tests.framework in Frameworks */,
			);
			runOnlyForDeploymentPostprocessing = 0;
		};
		B2BDF0D92DAC22A60001C863 /* Frameworks */ = {
			isa = PBXFrameworksBuildPhase;
			buildActionMask = 2147483647;
			files = (
				312A57E1E3F4FD536E8BF5FB /* Pods_test5_test5UITests.framework in Frameworks */,
			);
			runOnlyForDeploymentPostprocessing = 0;
		};
/* End PBXFrameworksBuildPhase section */

/* Begin PBXGroup section */
		1F02F7381097D00985DA614B /* Frameworks */ = {
			isa = PBXGroup;
			children = (
				35439C4AE57F479B96C5D6FA /* Pods_test5.framework */,
				FC51E74B6F02EEC9A5EFC328 /* Pods_test5_test5UITests.framework */,
				2EDCA7778092CF4A6DFEB458 /* Pods_test5Tests.framework */,
			);
			name = Frameworks;
			sourceTree = "<group>";
		};
		80450FECC445C51BFB3D11E3 /* Pods */ = {
			isa = PBXGroup;
			children = (
				D55CABC64F398A863A6DC968 /* Pods-test5.debug.xcconfig */,
				7922E15AE0267F07B78ADB4B /* Pods-test5.release.xcconfig */,
				169186A50386C046AED28A06 /* Pods-test5-test5UITests.debug.xcconfig */,
				DFB0258AD02068AFC36F0FFE /* Pods-test5-test5UITests.release.xcconfig */,
				D482210C4A4AADE04C7770A9 /* Pods-test5Tests.debug.xcconfig */,
				1E97553F085D92C73BCC50CC /* Pods-test5Tests.release.xcconfig */,
			);
			name = Pods;
			path = Pods;
			sourceTree = "<group>";
		};
		B2BDF0B92DAC22A50001C863 = {
			isa = PBXGroup;
			children = (
				B2BDF0C42DAC22A50001C863 /* test5 */,
				B2BDF0D52DAC22A60001C863 /* test5Tests */,
				B2BDF0DF2DAC22A60001C863 /* test5UITests */,
				B2BDF0C32DAC22A50001C863 /* Products */,
				80450FECC445C51BFB3D11E3 /* Pods */,
				1F02F7381097D00985DA614B /* Frameworks */,
			);
			sourceTree = "<group>";
		};
		B2BDF0C32DAC22A50001C863 /* Products */ = {
			isa = PBXGroup;
			children = (
				B2BDF0C22DAC22A50001C863 /* test5.app */,
				B2BDF0D22DAC22A60001C863 /* test5Tests.xctest */,
				B2BDF0DC2DAC22A60001C863 /* test5UITests.xctest */,
			);
			name = Products;
			sourceTree = "<group>";
		};
/* End PBXGroup section */

/* Begin PBXNativeTarget section */
		B2BDF0C12DAC22A50001C863 /* test5 */ = {
			isa = PBXNativeTarget;
			buildConfigurationList = B2BDF0E62DAC22A60001C863 /* Build configuration list for PBXNativeTarget "test5" */;
			buildPhases = (
				19C87F9B7E01421912FC21E8 /* [CP] Check Pods Manifest.lock */,
				B2BDF0BE2DAC22A50001C863 /* Sources */,
				B2BDF0BF2DAC22A50001C863 /* Frameworks */,
				B2BDF0C02DAC22A50001C863 /* Resources */,
				0438DB473A4ABA2F85BA41C6 /* [CP] Embed Pods Frameworks */,
			);
			buildRules = (
			);
			dependencies = (
			);
			fileSystemSynchronizedGroups = (
				B2BDF0C42DAC22A50001C863 /* test5 */,
			);
			name = test5;
			productName = test5;
			productReference = B2BDF0C22DAC22A50001C863 /* test5.app */;
			productType = "com.apple.product-type.application";
		};
		B2BDF0D12DAC22A60001C863 /* test5Tests */ = {
			isa = PBXNativeTarget;
			buildConfigurationList = B2BDF0E92DAC22A60001C863 /* Build configuration list for PBXNativeTarget "test5Tests" */;
			buildPhases = (
				5A5E289EA6CD1F19F29D3F0B /* [CP] Check Pods Manifest.lock */,
				B2BDF0CE2DAC22A60001C863 /* Sources */,
				B2BDF0CF2DAC22A60001C863 /* Frameworks */,
				B2BDF0D02DAC22A60001C863 /* Resources */,
			);
			buildRules = (
			);
			dependencies = (
				B2BDF0D42DAC22A60001C863 /* PBXTargetDependency */,
			);
			fileSystemSynchronizedGroups = (
				B2BDF0D52DAC22A60001C863 /* test5Tests */,
			);
			name = test5Tests;
			productName = test5Tests;
			productReference = B2BDF0D22DAC22A60001C863 /* test5Tests.xctest */;
			productType = "com.apple.product-type.bundle.unit-test";
		};
		B2BDF0DB2DAC22A60001C863 /* test5UITests */ = {
			isa = PBXNativeTarget;
			buildConfigurationList = B2BDF0EC2DAC22A60001C863 /* Build configuration list for PBXNativeTarget "test5UITests" */;
			buildPhases = (
				48FD82054B073F603DFFE89C /* [CP] Check Pods Manifest.lock */,
				B2BDF0D82DAC22A60001C863 /* Sources */,
				B2BDF0D92DAC22A60001C863 /* Frameworks */,
				B2BDF0DA2DAC22A60001C863 /* Resources */,
				E4BBD0FAA6CBFCBCCF84844D /* [CP] Embed Pods Frameworks */,
			);
			buildRules = (
			);
			dependencies = (
				B2BDF0DE2DAC22A60001C863 /* PBXTargetDependency */,
			);
			fileSystemSynchronizedGroups = (
				B2BDF0DF2DAC22A60001C863 /* test5UITests */,
			);
			name = test5UITests;
			productName = test5UITests;
			productReference = B2BDF0DC2DAC22A60001C863 /* test5UITests.xctest */;
			productType = "com.apple.product-type.bundle.ui-testing";
		};
/* End PBXNativeTarget section */

/* Begin PBXProject section */
		B2BDF0BA2DAC22A50001C863 /* Project object */ = {
			isa = PBXProject;
			attributes = {
				BuildIndependentTargetsInParallel = 1;
				LastSwiftUpdateCheck = 1620;
				LastUpgradeCheck = 1620;
				TargetAttributes = {
					B2BDF0C12DAC22A50001C863 = {
						CreatedOnToolsVersion = 16.2;
					};
					B2BDF0D12DAC22A60001C863 = {
						CreatedOnToolsVersion = 16.2;
						TestTargetID = B2BDF0C12DAC22A50001C863;
					};
					B2BDF0DB2DAC22A60001C863 = {
						CreatedOnToolsVersion = 16.2;
						TestTargetID = B2BDF0C12DAC22A50001C863;
					};
				};
			};
			buildConfigurationList = B2BDF0BD2DAC22A50001C863 /* Build configuration list for PBXProject "test5" */;
			developmentRegion = en;
			hasScannedForEncodings = 0;
			knownRegions = (
				en,
				Base,
			);
			mainGroup = B2BDF0B92DAC22A50001C863;
			minimizedProjectReferenceProxies = 1;
			preferredProjectObjectVersion = 77;
			productRefGroup = B2BDF0C32DAC22A50001C863 /* Products */;
			projectDirPath = "";
			projectRoot = "";
			targets = (
				B2BDF0C12DAC22A50001C863 /* test5 */,
				B2BDF0D12DAC22A60001C863 /* test5Tests */,
				B2BDF0DB2DAC22A60001C863 /* test5UITests */,
			);
		};
/* End PBXProject section */

/* Begin PBXResourcesBuildPhase section */
		B2BDF0C02DAC22A50001C863 /* Resources */ = {
			isa = PBXResourcesBuildPhase;
			buildActionMask = 2147483647;
			files = (
			);
			runOnlyForDeploymentPostprocessing = 0;
		};
		B2BDF0D02DAC22A60001C863 /* Resources */ = {
			isa = PBXResourcesBuildPhase;
			buildActionMask = 2147483647;
			files = (
			);
			runOnlyForDeploymentPostprocessing = 0;
		};
		B2BDF0DA2DAC22A60001C863 /* Resources */ = {
			isa = PBXResourcesBuildPhase;
			buildActionMask = 2147483647;
			files = (
			);
			runOnlyForDeploymentPostprocessing = 0;
		};
/* End PBXResourcesBuildPhase section */

/* Begin PBXShellScriptBuildPhase section */
		0438DB473A4ABA2F85BA41C6 /* [CP] Embed Pods Frameworks */ = {
			isa = PBXShellScriptBuildPhase;
			buildActionMask = 2147483647;
			files = (
			);
			inputFileListPaths = (
				"${PODS_ROOT}/Target Support Files/Pods-test5/Pods-test5-frameworks-${CONFIGURATION}-input-files.xcfilelist",
			);
			name = "[CP] Embed Pods Frameworks";
			outputFileListPaths = (
				"${PODS_ROOT}/Target Support Files/Pods-test5/Pods-test5-frameworks-${CONFIGURATION}-output-files.xcfilelist",
			);
			runOnlyForDeploymentPostprocessing = 0;
			shellPath = /bin/sh;
			shellScript = "\"${PODS_ROOT}/Target Support Files/Pods-test5/Pods-test5-frameworks.sh\"\n";
			showEnvVarsInLog = 0;
		};
		19C87F9B7E01421912FC21E8 /* [CP] Check Pods Manifest.lock */ = {
			isa = PBXShellScriptBuildPhase;
			buildActionMask = 2147483647;
			files = (
			);
			inputFileListPaths = (
			);
			inputPaths = (
				"${PODS_PODFILE_DIR_PATH}/Podfile.lock",
				"${PODS_ROOT}/Manifest.lock",
			);
			name = "[CP] Check Pods Manifest.lock";
			outputFileListPaths = (
			);
			outputPaths = (
				"$(DERIVED_FILE_DIR)/Pods-test5-checkManifestLockResult.txt",
			);
			runOnlyForDeploymentPostprocessing = 0;
			shellPath = /bin/sh;
			shellScript = "diff \"${PODS_PODFILE_DIR_PATH}/Podfile.lock\" \"${PODS_ROOT}/Manifest.lock\" > /dev/null\nif [ $? != 0 ] ; then\n    # print error to STDERR\n    echo \"error: The sandbox is not in sync with the Podfile.lock. Run 'pod install' or update your CocoaPods installation.\" >&2\n    exit 1\nfi\n# This output is used by Xcode 'outputs' to avoid re-running this script phase.\necho \"SUCCESS\" > \"${SCRIPT_OUTPUT_FILE_0}\"\n";
			showEnvVarsInLog = 0;
		};
		48FD82054B073F603DFFE89C /* [CP] Check Pods Manifest.lock */ = {
			isa = PBXShellScriptBuildPhase;
			buildActionMask = 2147483647;
			files = (
			);
			inputFileListPaths = (
			);
			inputPaths = (
				"${PODS_PODFILE_DIR_PATH}/Podfile.lock",
				"${PODS_ROOT}/Manifest.lock",
			);
			name = "[CP] Check Pods Manifest.lock";
			outputFileListPaths = (
			);
			outputPaths = (
				"$(DERIVED_FILE_DIR)/Pods-test5-test5UITests-checkManifestLockResult.txt",
			);
			runOnlyForDeploymentPostprocessing = 0;
			shellPath = /bin/sh;
			shellScript = "diff \"${PODS_PODFILE_DIR_PATH}/Podfile.lock\" \"${PODS_ROOT}/Manifest.lock\" > /dev/null\nif [ $? != 0 ] ; then\n    # print error to STDERR\n    echo \"error: The sandbox is not in sync with the Podfile.lock. Run 'pod install' or update your CocoaPods installation.\" >&2\n    exit 1\nfi\n# This output is used by Xcode 'outputs' to avoid re-running this script phase.\necho \"SUCCESS\" > \"${SCRIPT_OUTPUT_FILE_0}\"\n";
			showEnvVarsInLog = 0;
		};
		5A5E289EA6CD1F19F29D3F0B /* [CP] Check Pods Manifest.lock */ = {
			isa = PBXShellScriptBuildPhase;
			buildActionMask = 2147483647;
			files = (
			);
			inputFileListPaths = (
			);
			inputPaths = (
				"${PODS_PODFILE_DIR_PATH}/Podfile.lock",
				"${PODS_ROOT}/Manifest.lock",
			);
			name = "[CP] Check Pods Manifest.lock";
			outputFileListPaths = (
			);
			outputPaths = (
				"$(DERIVED_FILE_DIR)/Pods-test5Tests-checkManifestLockResult.txt",
			);
			runOnlyForDeploymentPostprocessing = 0;
			shellPath = /bin/sh;
			shellScript = "diff \"${PODS_PODFILE_DIR_PATH}/Podfile.lock\" \"${PODS_ROOT}/Manifest.lock\" > /dev/null\nif [ $? != 0 ] ; then\n    # print error to STDERR\n    echo \"error: The sandbox is not in sync with the Podfile.lock. Run 'pod install' or update your CocoaPods installation.\" >&2\n    exit 1\nfi\n# This output is used by Xcode 'outputs' to avoid re-running this script phase.\necho \"SUCCESS\" > \"${SCRIPT_OUTPUT_FILE_0}\"\n";
			showEnvVarsInLog = 0;
		};
		E4BBD0FAA6CBFCBCCF84844D /* [CP] Embed Pods Frameworks */ = {
			isa = PBXShellScriptBuildPhase;
			buildActionMask = 2147483647;
			files = (
			);
			inputFileListPaths = (
				"${PODS_ROOT}/Target Support Files/Pods-test5-test5UITests/Pods-test5-test5UITests-frameworks-${CONFIGURATION}-input-files.xcfilelist",
			);
			name = "[CP] Embed Pods Frameworks";
			outputFileListPaths = (
				"${PODS_ROOT}/Target Support Files/Pods-test5-test5UITests/Pods-test5-test5UITests-frameworks-${CONFIGURATION}-output-files.xcfilelist",
			);
			runOnlyForDeploymentPostprocessing = 0;
			shellPath = /bin/sh;
			shellScript = "\"${PODS_ROOT}/Target Support Files/Pods-test5-test5UITests/Pods-test5-test5UITests-frameworks.sh\"\n";
			showEnvVarsInLog = 0;
		};
/* End PBXShellScriptBuildPhase section */

/* Begin PBXSourcesBuildPhase section */
		B2BDF0BE2DAC22A50001C863 /* Sources */ = {
			isa = PBXSourcesBuildPhase;
			buildActionMask = 2147483647;
			files = (
			);
			runOnlyForDeploymentPostprocessing = 0;
		};
		B2BDF0CE2DAC22A60001C863 /* Sources */ = {
			isa = PBXSourcesBuildPhase;
			buildActionMask = 2147483647;
			files = (
			);
			runOnlyForDeploymentPostprocessing = 0;
		};
		B2BDF0D82DAC22A60001C863 /* Sources */ = {
			isa = PBXSourcesBuildPhase;
			buildActionMask = 2147483647;
			files = (
			);
			runOnlyForDeploymentPostprocessing = 0;
		};
/* End PBXSourcesBuildPhase section */

/* Begin PBXTargetDependency section */
		B2BDF0D42DAC22A60001C863 /* PBXTargetDependency */ = {
			isa = PBXTargetDependency;
			target = B2BDF0C12DAC22A50001C863 /* test5 */;
			targetProxy = B2BDF0D32DAC22A60001C863 /* PBXContainerItemProxy */;
		};
		B2BDF0DE2DAC22A60001C863 /* PBXTargetDependency */ = {
			isa = PBXTargetDependency;
			target = B2BDF0C12DAC22A50001C863 /* test5 */;
			targetProxy = B2BDF0DD2DAC22A60001C863 /* PBXContainerItemProxy */;
		};
/* End PBXTargetDependency section */

/* Begin XCBuildConfiguration section */
		B2BDF0E42DAC22A60001C863 /* Debug */ = {
			isa = XCBuildConfiguration;
			buildSettings = {
				ALWAYS_SEARCH_USER_PATHS = NO;
				ASSETCATALOG_COMPILER_GENERATE_SWIFT_ASSET_SYMBOL_EXTENSIONS = YES;
				CLANG_ANALYZER_NONNULL = YES;
				CLANG_ANALYZER_NUMBER_OBJECT_CONVERSION = YES_AGGRESSIVE;
				CLANG_CXX_LANGUAGE_STANDARD = "gnu++20";
				CLANG_ENABLE_MODULES = YES;
				CLANG_ENABLE_OBJC_ARC = YES;
				CLANG_ENABLE_OBJC_WEAK = YES;
				CLANG_WARN_BLOCK_CAPTURE_AUTORELEASING = YES;
				CLANG_WARN_BOOL_CONVERSION = YES;
				CLANG_WARN_COMMA = YES;
				CLANG_WARN_CONSTANT_CONVERSION = YES;
				CLANG_WARN_DEPRECATED_OBJC_IMPLEMENTATIONS = YES;
				CLANG_WARN_DIRECT_OBJC_ISA_USAGE = YES_ERROR;
				CLANG_WARN_DOCUMENTATION_COMMENTS = YES;
				CLANG_WARN_EMPTY_BODY = YES;
				CLANG_WARN_ENUM_CONVERSION = YES;
				CLANG_WARN_INFINITE_RECURSION = YES;
				CLANG_WARN_INT_CONVERSION = YES;
				CLANG_WARN_NON_LITERAL_NULL_CONVERSION = YES;
				CLANG_WARN_OBJC_IMPLICIT_RETAIN_SELF = YES;
				CLANG_WARN_OBJC_LITERAL_CONVERSION = YES;
				CLANG_WARN_OBJC_ROOT_CLASS = YES_ERROR;
				CLANG_WARN_QUOTED_INCLUDE_IN_FRAMEWORK_HEADER = YES;
				CLANG_WARN_RANGE_LOOP_ANALYSIS = YES;
				CLANG_WARN_STRICT_PROTOTYPES = YES;
				CLANG_WARN_SUSPICIOUS_MOVE = YES;
				CLANG_WARN_UNGUARDED_AVAILABILITY = YES_AGGRESSIVE;
				CLANG_WARN_UNREACHABLE_CODE = YES;
				CLANG_WARN__DUPLICATE_METHOD_MATCH = YES;
				COPY_PHASE_STRIP = NO;
				DEBUG_INFORMATION_FORMAT = dwarf;
				ENABLE_STRICT_OBJC_MSGSEND = YES;
				ENABLE_TESTABILITY = YES;
				ENABLE_USER_SCRIPT_SANDBOXING = YES;
				GCC_C_LANGUAGE_STANDARD = gnu17;
				GCC_DYNAMIC_NO_PIC = NO;
				GCC_NO_COMMON_BLOCKS = YES;
				GCC_OPTIMIZATION_LEVEL = 0;
				GCC_PREPROCESSOR_DEFINITIONS = (
					"DEBUG=1",
					"$(inherited)",
				);
				GCC_WARN_64_TO_32_BIT_CONVERSION = YES;
				GCC_WARN_ABOUT_RETURN_TYPE = YES_ERROR;
				GCC_WARN_UNDECLARED_SELECTOR = YES;
				GCC_WARN_UNINITIALIZED_AUTOS = YES_AGGRESSIVE;
				GCC_WARN_UNUSED_FUNCTION = YES;
				GCC_WARN_UNUSED_VARIABLE = YES;
				IPHONEOS_DEPLOYMENT_TARGET = 18.2;
				LOCALIZATION_PREFERS_STRING_CATALOGS = YES;
				MTL_ENABLE_DEBUG_INFO = INCLUDE_SOURCE;
				MTL_FAST_MATH = YES;
				ONLY_ACTIVE_ARCH = YES;
				SDKROOT = iphoneos;
				SWIFT_ACTIVE_COMPILATION_CONDITIONS = "DEBUG $(inherited)";
				SWIFT_OPTIMIZATION_LEVEL = "-Onone";
			};
			name = Debug;
		};
		B2BDF0E52DAC22A60001C863 /* Release */ = {
			isa = XCBuildConfiguration;
			buildSettings = {
				ALWAYS_SEARCH_USER_PATHS = NO;
				ASSETCATALOG_COMPILER_GENERATE_SWIFT_ASSET_SYMBOL_EXTENSIONS = YES;
				CLANG_ANALYZER_NONNULL = YES;
				CLANG_ANALYZER_NUMBER_OBJECT_CONVERSION = YES_AGGRESSIVE;
				CLANG_CXX_LANGUAGE_STANDARD = "gnu++20";
				CLANG_ENABLE_MODULES = YES;
				CLANG_ENABLE_OBJC_ARC = YES;
				CLANG_ENABLE_OBJC_WEAK = YES;
				CLANG_WARN_BLOCK_CAPTURE_AUTORELEASING = YES;
				CLANG_WARN_BOOL_CONVERSION = YES;
				CLANG_WARN_COMMA = YES;
				CLANG_WARN_CONSTANT_CONVERSION = YES;
				CLANG_WARN_DEPRECATED_OBJC_IMPLEMENTATIONS = YES;
				CLANG_WARN_DIRECT_OBJC_ISA_USAGE = YES_ERROR;
				CLANG_WARN_DOCUMENTATION_COMMENTS = YES;
				CLANG_WARN_EMPTY_BODY = YES;
				CLANG_WARN_ENUM_CONVERSION = YES;
				CLANG_WARN_INFINITE_RECURSION = YES;
				CLANG_WARN_INT_CONVERSION = YES;
				CLANG_WARN_NON_LITERAL_NULL_CONVERSION = YES;
				CLANG_WARN_OBJC_IMPLICIT_RETAIN_SELF = YES;
				CLANG_WARN_OBJC_LITERAL_CONVERSION = YES;
				CLANG_WARN_OBJC_ROOT_CLASS = YES_ERROR;
				CLANG_WARN_QUOTED_INCLUDE_IN_FRAMEWORK_HEADER = YES;
				CLANG_WARN_RANGE_LOOP_ANALYSIS = YES;
				CLANG_WARN_STRICT_PROTOTYPES = YES;
				CLANG_WARN_SUSPICIOUS_MOVE = YES;
				CLANG_WARN_UNGUARDED_AVAILABILITY = YES_AGGRESSIVE;
				CLANG_WARN_UNREACHABLE_CODE = YES;
				CLANG_WARN__DUPLICATE_METHOD_MATCH = YES;
				COPY_PHASE_STRIP = NO;
				DEBUG_INFORMATION_FORMAT = "dwarf-with-dsym";
				ENABLE_NS_ASSERTIONS = NO;
				ENABLE_STRICT_OBJC_MSGSEND = YES;
				ENABLE_USER_SCRIPT_SANDBOXING = YES;
				GCC_C_LANGUAGE_STANDARD = gnu17;
				GCC_NO_COMMON_BLOCKS = YES;
				GCC_WARN_64_TO_32_BIT_CONVERSION = YES;
				GCC_WARN_ABOUT_RETURN_TYPE = YES_ERROR;
				GCC_WARN_UNDECLARED_SELECTOR = YES;
				GCC_WARN_UNINITIALIZED_AUTOS = YES_AGGRESSIVE;
				GCC_WARN_UNUSED_FUNCTION = YES;
				GCC_WARN_UNUSED_VARIABLE = YES;
				IPHONEOS_DEPLOYMENT_TARGET = 18.2;
				LOCALIZATION_PREFERS_STRING_CATALOGS = YES;
				MTL_ENABLE_DEBUG_INFO = NO;
				MTL_FAST_MATH = YES;
				SDKROOT = iphoneos;
				SWIFT_COMPILATION_MODE = wholemodule;
				VALIDATE_PRODUCT = YES;
			};
			name = Release;
		};
		B2BDF0E72DAC22A60001C863 /* Debug */ = {
			isa = XCBuildConfiguration;
			baseConfigurationReference = D55CABC64F398A863A6DC968 /* Pods-test5.debug.xcconfig */;
			buildSettings = {
				ASSETCATALOG_COMPILER_APPICON_NAME = AppIcon;
				ASSETCATALOG_COMPILER_GLOBAL_ACCENT_COLOR_NAME = AccentColor;
				CODE_SIGN_STYLE = Automatic;
				CURRENT_PROJECT_VERSION = 1;
				DEVELOPMENT_ASSET_PATHS = "\"test5/Preview Content\"";
				ENABLE_PREVIEWS = YES;
				GENERATE_INFOPLIST_FILE = YES;
				INFOPLIST_KEY_UIApplicationSceneManifest_Generation = YES;
				INFOPLIST_KEY_UIApplicationSupportsIndirectInputEvents = YES;
				INFOPLIST_KEY_UILaunchScreen_Generation = YES;
				INFOPLIST_KEY_UISupportedInterfaceOrientations_iPad = "UIInterfaceOrientationPortrait UIInterfaceOrientationPortraitUpsideDown UIInterfaceOrientationLandscapeLeft UIInterfaceOrientationLandscapeRight";
				INFOPLIST_KEY_UISupportedInterfaceOrientations_iPhone = "UIInterfaceOrientationPortrait UIInterfaceOrientationLandscapeLeft UIInterfaceOrientationLandscapeRight";
				LD_RUNPATH_SEARCH_PATHS = (
					"$(inherited)",
					"@executable_path/Frameworks",
				);
				MARKETING_VERSION = 1.0;
				PRODUCT_BUNDLE_IDENTIFIER = first.test5;
				PRODUCT_NAME = "$(TARGET_NAME)";
				SWIFT_EMIT_LOC_STRINGS = YES;
				SWIFT_VERSION = 5.0;
				TARGETED_DEVICE_FAMILY = "1,2";
			};
			name = Debug;
		};
		B2BDF0E82DAC22A60001C863 /* Release */ = {
			isa = XCBuildConfiguration;
			baseConfigurationReference = 7922E15AE0267F07B78ADB4B /* Pods-test5.release.xcconfig */;
			buildSettings = {
				ASSETCATALOG_COMPILER_APPICON_NAME = AppIcon;
				ASSETCATALOG_COMPILER_GLOBAL_ACCENT_COLOR_NAME = AccentColor;
				CODE_SIGN_STYLE = Automatic;
				CURRENT_PROJECT_VERSION = 1;
				DEVELOPMENT_ASSET_PATHS = "\"test5/Preview Content\"";
				ENABLE_PREVIEWS = YES;
				GENERATE_INFOPLIST_FILE = YES;
				INFOPLIST_KEY_UIApplicationSceneManifest_Generation = YES;
				INFOPLIST_KEY_UIApplicationSupportsIndirectInputEvents = YES;
				INFOPLIST_KEY_UILaunchScreen_Generation = YES;
				INFOPLIST_KEY_UISupportedInterfaceOrientations_iPad = "UIInterfaceOrientationPortrait UIInterfaceOrientationPortraitUpsideDown UIInterfaceOrientationLandscapeLeft UIInterfaceOrientationLandscapeRight";
				INFOPLIST_KEY_UISupportedInterfaceOrientations_iPhone = "UIInterfaceOrientationPortrait UIInterfaceOrientationLandscapeLeft UIInterfaceOrientationLandscapeRight";
				LD_RUNPATH_SEARCH_PATHS = (
					"$(inherited)",
					"@executable_path/Frameworks",
				);
				MARKETING_VERSION = 1.0;
				PRODUCT_BUNDLE_IDENTIFIER = first.test5;
				PRODUCT_NAME = "$(TARGET_NAME)";
				SWIFT_EMIT_LOC_STRINGS = YES;
				SWIFT_VERSION = 5.0;
				TARGETED_DEVICE_FAMILY = "1,2";
			};
			name = Release;
		};
		B2BDF0EA2DAC22A60001C863 /* Debug */ = {
			isa = XCBuildConfiguration;
			baseConfigurationReference = D482210C4A4AADE04C7770A9 /* Pods-test5Tests.debug.xcconfig */;
			buildSettings = {
				BUNDLE_LOADER = "$(TEST_HOST)";
				CODE_SIGN_STYLE = Automatic;
				CURRENT_PROJECT_VERSION = 1;
				GENERATE_INFOPLIST_FILE = YES;
				IPHONEOS_DEPLOYMENT_TARGET = 18.2;
				MARKETING_VERSION = 1.0;
				PRODUCT_BUNDLE_IDENTIFIER = first.test5Tests;
				PRODUCT_NAME = "$(TARGET_NAME)";
				SWIFT_EMIT_LOC_STRINGS = NO;
				SWIFT_VERSION = 5.0;
				TARGETED_DEVICE_FAMILY = "1,2";
				TEST_HOST = "$(BUILT_PRODUCTS_DIR)/test5.app/$(BUNDLE_EXECUTABLE_FOLDER_PATH)/test5";
			};
			name = Debug;
		};
		B2BDF0EB2DAC22A60001C863 /* Release */ = {
			isa = XCBuildConfiguration;
			baseConfigurationReference = 1E97553F085D92C73BCC50CC /* Pods-test5Tests.release.xcconfig */;
			buildSettings = {
				BUNDLE_LOADER = "$(TEST_HOST)";
				CODE_SIGN_STYLE = Automatic;
				CURRENT_PROJECT_VERSION = 1;
				GENERATE_INFOPLIST_FILE = YES;
				IPHONEOS_DEPLOYMENT_TARGET = 18.2;
				MARKETING_VERSION = 1.0;
				PRODUCT_BUNDLE_IDENTIFIER = first.test5Tests;
				PRODUCT_NAME = "$(TARGET_NAME)";
				SWIFT_EMIT_LOC_STRINGS = NO;
				SWIFT_VERSION = 5.0;
				TARGETED_DEVICE_FAMILY = "1,2";
				TEST_HOST = "$(BUILT_PRODUCTS_DIR)/test5.app/$(BUNDLE_EXECUTABLE_FOLDER_PATH)/test5";
			};
			name = Release;
		};
		B2BDF0ED2DAC22A60001C863 /* Debug */ = {
			isa = XCBuildConfiguration;
			baseConfigurationReference = 169186A50386C046AED28A06 /* Pods-test5-test5UITests.debug.xcconfig */;
			buildSettings = {
				CODE_SIGN_STYLE = Automatic;
				CURRENT_PROJECT_VERSION = 1;
				GENERATE_INFOPLIST_FILE = YES;
				MARKETING_VERSION = 1.0;
				PRODUCT_BUNDLE_IDENTIFIER = first.test5UITests;
				PRODUCT_NAME = "$(TARGET_NAME)";
				SWIFT_EMIT_LOC_STRINGS = NO;
				SWIFT_VERSION = 5.0;
				TARGETED_DEVICE_FAMILY = "1,2";
				TEST_TARGET_NAME = test5;
			};
			name = Debug;
		};
		B2BDF0EE2DAC22A60001C863 /* Release */ = {
			isa = XCBuildConfiguration;
			baseConfigurationReference = DFB0258AD02068AFC36F0FFE /* Pods-test5-test5UITests.release.xcconfig */;
			buildSettings = {
				CODE_SIGN_STYLE = Automatic;
				CURRENT_PROJECT_VERSION = 1;
				GENERATE_INFOPLIST_FILE = YES;
				MARKETING_VERSION = 1.0;
				PRODUCT_BUNDLE_IDENTIFIER = first.test5UITests;
				PRODUCT_NAME = "$(TARGET_NAME)";
				SWIFT_EMIT_LOC_STRINGS = NO;
				SWIFT_VERSION = 5.0;
				TARGETED_DEVICE_FAMILY = "1,2";
				TEST_TARGET_NAME = test5;
			};
			name = Release;
		};
/* End XCBuildConfiguration section */

/* Begin XCConfigurationList section */
		B2BDF0BD2DAC22A50001C863 /* Build configuration list for PBXProject "test5" */ = {
			isa = XCConfigurationList;
			buildConfigurations = (
				B2BDF0E42DAC22A60001C863 /* Debug */,
				B2BDF0E52DAC22A60001C863 /* Release */,
			);
			defaultConfigurationIsVisible = 0;
			defaultConfigurationName = Release;
		};
		B2BDF0E62DAC22A60001C863 /* Build configuration list for PBXNativeTarget "test5" */ = {
			isa = XCConfigurationList;
			buildConfigurations = (
				B2BDF0E72DAC22A60001C863 /* Debug */,
				B2BDF0E82DAC22A60001C863 /* Release */,
			);
			defaultConfigurationIsVisible = 0;
			defaultConfigurationName = Release;
		};
		B2BDF0E92DAC22A60001C863 /* Build configuration list for PBXNativeTarget "test5Tests" */ = {
			isa = XCConfigurationList;
			buildConfigurations = (
				B2BDF0EA2DAC22A60001C863 /* Debug */,
				B2BDF0EB2DAC22A60001C863 /* Release */,
			);
			defaultConfigurationIsVisible = 0;
			defaultConfigurationName = Release;
		};
		B2BDF0EC2DAC22A60001C863 /* Build configuration list for PBXNativeTarget "test5UITests" */ = {
			isa = XCConfigurationList;
			buildConfigurations = (
				B2BDF0ED2DAC22A60001C863 /* Debug */,
				B2BDF0EE2DAC22A60001C863 /* Release */,
			);
			defaultConfigurationIsVisible = 0;
			defaultConfigurationName = Release;
		};
/* End XCConfigurationList section */
	};
	rootObject = B2BDF0BA2DAC22A50001C863 /* Project object */;
}
